
Microsoft Visual Studio Solution File, Format Version 12.00
# Visual Studio 15
VisualStudioVersion = 15.0.27703.2035
MinimumVisualStudioVersion = 10.0.40219.1
Project("{FAE04EC0-301F-11D3-BF4B-00C04F79EFBC}") = "MLagerstatus", "MLagerstatus\MLagerstatus.csproj", "{2DC37AEA-6492-473D-985C-7A9D5A8C5377}"
EndProject
Global
	GlobalSection(SolutionConfigurationPlatforms) = preSolution
		Debug|Any CPU = Debug|Any CPU
		Release|Any CPU = Release|Any CPU
	EndGlobalSection
	GlobalSection(ProjectConfigurationPlatforms) = postSolution
		{2DC37AEA-6492-473D-985C-7A9D5A8C5377}.Debug|Any CPU.ActiveCfg = Debug|Any CPU
		{2DC37AEA-6492-473D-985C-7A9D5A8C5377}.Debug|Any CPU.Build.0 = Debug|Any CPU
		{2DC37AEA-6492-473D-985C-7A9D5A8C5377}.Release|Any CPU.ActiveCfg = Release|Any CPU
		{2DC37AEA-6492-473D-985C-7A9D5A8C5377}.Release|Any CPU.Build.0 = Release|Any CPU
	EndGlobalSection
	GlobalSection(SolutionProperties) = preSolution
		HideSolutionNode = FALSE
	EndGlobalSection
	GlobalSection(ExtensibilityGlobals) = postSolution
		SolutionGuid = {B4D5815A-F17B-401E-AC88-F67F267C7590}
	EndGlobalSection
EndGlobal
